PODS:
  - ffmpeg_kit_flutter (6.0.3):
    - ffmpeg_kit_flutter/precompiled-gpl (= 6.0.3)
    - FlutterMacOS
  - ffmpeg_kit_flutter/precompiled-gpl (6.0.3):
    - FlutterMacOS
  - FlutterMacOS (1.0.0)
  - path_provider_foundation (0.0.1):
    - Flutter
    - FlutterMacOS

DEPENDENCIES:
  - ffmpeg_kit_flutter (from `Flutter/ephemeral/.symlinks/plugins/ffmpeg_kit_flutter/macos`)
  - FlutterMacOS (from `Flutter/ephemeral`)
  - path_provider_foundation (from `Flutter/ephemeral/.symlinks/plugins/path_provider_foundation/darwin`)

EXTERNAL SOURCES:
  ffmpeg_kit_flutter:
    :path: Flutter/ephemeral/.symlinks/plugins/ffmpeg_kit_flutter/macos
  FlutterMacOS:
    :path: Flutter/ephemeral
  path_provider_foundation:
    :path: Flutter/ephemeral/.symlinks/plugins/path_provider_foundation/darwin

SPEC CHECKSUMS:
  ffmpeg_kit_flutter: 49c5aacc9abed986da08b2650e3a48c878f167b0
  FlutterMacOS: 8f6f14fa908a6fb3fba0cd85dbd81ec4b251fb24
  path_provider_foundation: 2b6b4c569c0fb62ec74538f866245ac84301af46

PODFILE CHECKSUM: 54d867c82ac51cbd61b565781b9fada492027009

COCOAPODS: 1.16.2
